
Microsoft Visual Studio Solution File, Format Version 12.00
# Visual Studio Version 17
VisualStudioVersion = 17.4.33103.184
MinimumVisualStudioVersion = 10.0.40219.1
Project("{FAE04EC0-301F-11D3-BF4B-00C04F79EFBC}") = "Inhertance", "Inhertance\Inhertance.csproj", "{CE61E698-32B9-48D9-9DB5-A55740338AAA}"
EndProject
Global
	GlobalSection(SolutionConfigurationPlatforms) = preSolution
		Debug|Any CPU = Debug|Any CPU
		Release|Any CPU = Release|Any CPU
	EndGlobalSection
	GlobalSection(ProjectConfigurationPlatforms) = postSolution
		{CE61E698-32B9-48D9-9DB5-A55740338AAA}.Debug|Any CPU.ActiveCfg = Debug|Any CPU
		{CE61E698-32B9-48D9-9DB5-A55740338AAA}.Debug|Any CPU.Build.0 = Debug|Any CPU
		{CE61E698-32B9-48D9-9DB5-A55740338AAA}.Release|Any CPU.ActiveCfg = Release|Any CPU
		{CE61E698-32B9-48D9-9DB5-A55740338AAA}.Release|Any CPU.Build.0 = Release|Any CPU
	EndGlobalSection
	GlobalSection(SolutionProperties) = preSolution
		HideSolutionNode = FALSE
	EndGlobalSection
	GlobalSection(ExtensibilityGlobals) = postSolution
		SolutionGuid = {FFB8DD48-EC93-4D0B-BF99-D3EEC4BD0A76}
	EndGlobalSection
EndGlobal
